
Microsoft Visual Studio Solution File, Format Version 12.00
# Visual Studio Version 16
VisualStudioVersion = 16.0.30329.158
MinimumVisualStudioVersion = 10.0.40219.1
Project("{FAE04EC0-301F-11D3-BF4B-00C04F79EFBC}") = "DataEntryFormsDemo", "DataEntryFormsDemo\DataEntryFormsDemo.csproj", "{7F6A1C49-7F1A-45F4-85B8-35AB21B072EC}"
EndProject
Project("{FAE04EC0-301F-11D3-BF4B-00C04F79EFBC}") = "DataEntryForms", "DataEntryForms\DataEntryForms.csproj", "{D1A62576-200A-4ABE-89A8-034E9F7ADC86}"
EndProject
Global
	GlobalSection(SolutionConfigurationPlatforms) = preSolution
		Debug|Any CPU = Debug|Any CPU
		Release|Any CPU = Release|Any CPU
	EndGlobalSection
	GlobalSection(ProjectConfigurationPlatforms) = postSolution
		{7F6A1C49-7F1A-45F4-85B8-35AB21B072EC}.Debug|Any CPU.ActiveCfg = Debug|Any CPU
		{7F6A1C49-7F1A-45F4-85B8-35AB21B072EC}.Debug|Any CPU.Build.0 = Debug|Any CPU
		{7F6A1C49-7F1A-45F4-85B8-35AB21B072EC}.Release|Any CPU.ActiveCfg = Release|Any CPU
		{7F6A1C49-7F1A-45F4-85B8-35AB21B072EC}.Release|Any CPU.Build.0 = Release|Any CPU
		{D1A62576-200A-4ABE-89A8-034E9F7ADC86}.Debug|Any CPU.ActiveCfg = Debug|Any CPU
		{D1A62576-200A-4ABE-89A8-034E9F7ADC86}.Debug|Any CPU.Build.0 = Debug|Any CPU
		{D1A62576-200A-4ABE-89A8-034E9F7ADC86}.Release|Any CPU.ActiveCfg = Release|Any CPU
		{D1A62576-200A-4ABE-89A8-034E9F7ADC86}.Release|Any CPU.Build.0 = Release|Any CPU
	EndGlobalSection
	GlobalSection(SolutionProperties) = preSolution
		HideSolutionNode = FALSE
	EndGlobalSection
	GlobalSection(ExtensibilityGlobals) = postSolution
		SolutionGuid = {942E4F15-B7AF-4D69-B288-5726FBA46079}
	EndGlobalSection
EndGlobal
