
Microsoft Visual Studio Solution File, Format Version 12.00
# Visual Studio Version 17
VisualStudioVersion = 17.0.31815.197
MinimumVisualStudioVersion = 10.0.40219.1
Project("{9A19103F-16F7-4668-BE54-9A1E7A4F7556}") = "WinFormsPowerTools", "WinFormsPowerTools\WinFormsPowerTools.csproj", "{D1A62576-200A-4ABE-89A8-034E9F7ADC86}"
EndProject
Project("{9A19103F-16F7-4668-BE54-9A1E7A4F7556}") = "WinFormsPowerTools.CodeGen", "WinFormsPowerTools.CodeGen\WinFormsPowerTools.CodeGen.csproj", "{E3D6E233-8CE5-4FB8-8066-6D465792AE32}"
EndProject
Project("{9A19103F-16F7-4668-BE54-9A1E7A4F7556}") = "WinFormsPowerTools.UnitTests", "WinFormsPowerTools.UnitTests\WinFormsPowerTools.UnitTests.csproj", "{DA79C2E0-0533-40A3-80F1-7C307B125288}"
EndProject
Project("{9A19103F-16F7-4668-BE54-9A1E7A4F7556}") = "WinFormsPowerToolsDemo", "WinFormsPowerToolsDemo\WinFormsPowerToolsDemo.csproj", "{4C7D9500-0747-4103-B040-6428EB973D1B}"
EndProject
Project("{9A19103F-16F7-4668-BE54-9A1E7A4F7556}") = "WinFormsPowerTools.AutoLayout", "WinFormsPowerTools.AutoLayout\WinFormsPowerTools.AutoLayout.csproj", "{6E2A19D4-8801-477A-B04C-061162EA0ECB}"
EndProject
Project("{9A19103F-16F7-4668-BE54-9A1E7A4F7556}") = "PrueddelLib", "PrueddelLib\PrueddelLib.csproj", "{05F9F831-4C63-449C-9683-7B957796C64E}"
EndProject
Project("{9A19103F-16F7-4668-BE54-9A1E7A4F7556}") = "AutoLayoutTests", "AutoLayoutTests\AutoLayoutTests.csproj", "{A44215CD-6E22-44D4-BCC3-15A47939620A}"
EndProject
Project("{2150E333-8FDC-42A3-9474-1A3956D46DE8}") = "UnitTests", "UnitTests", "{D97EDDB9-F7BD-43CC-89B6-126F3B5BA6CF}"
EndProject
Project("{FAE04EC0-301F-11D3-BF4B-00C04F79EFBC}") = "WinFormsPowerTools.StandardBaseTypes", "WinFormsPowerTools.StandardBaseTypes\WinFormsPowerTools.StandardBaseTypes.csproj", "{C8279D53-F81E-4388-9A67-C6A631E37DC9}"
EndProject
Project("{2150E333-8FDC-42A3-9474-1A3956D46DE8}") = "AutoLayout", "AutoLayout", "{BAD758BD-648A-4A26-8ED1-1ADD9CA31AC9}"
EndProject
Global
	GlobalSection(SolutionConfigurationPlatforms) = preSolution
		Debug|Any CPU = Debug|Any CPU
		Release|Any CPU = Release|Any CPU
	EndGlobalSection
	GlobalSection(ProjectConfigurationPlatforms) = postSolution
		{D1A62576-200A-4ABE-89A8-034E9F7ADC86}.Debug|Any CPU.ActiveCfg = Debug|Any CPU
		{D1A62576-200A-4ABE-89A8-034E9F7ADC86}.Debug|Any CPU.Build.0 = Debug|Any CPU
		{D1A62576-200A-4ABE-89A8-034E9F7ADC86}.Release|Any CPU.ActiveCfg = Release|Any CPU
		{D1A62576-200A-4ABE-89A8-034E9F7ADC86}.Release|Any CPU.Build.0 = Release|Any CPU
		{E3D6E233-8CE5-4FB8-8066-6D465792AE32}.Debug|Any CPU.ActiveCfg = Debug|Any CPU
		{E3D6E233-8CE5-4FB8-8066-6D465792AE32}.Debug|Any CPU.Build.0 = Debug|Any CPU
		{E3D6E233-8CE5-4FB8-8066-6D465792AE32}.Release|Any CPU.ActiveCfg = Release|Any CPU
		{E3D6E233-8CE5-4FB8-8066-6D465792AE32}.Release|Any CPU.Build.0 = Release|Any CPU
		{DA79C2E0-0533-40A3-80F1-7C307B125288}.Debug|Any CPU.ActiveCfg = Debug|Any CPU
		{DA79C2E0-0533-40A3-80F1-7C307B125288}.Debug|Any CPU.Build.0 = Debug|Any CPU
		{DA79C2E0-0533-40A3-80F1-7C307B125288}.Release|Any CPU.ActiveCfg = Release|Any CPU
		{DA79C2E0-0533-40A3-80F1-7C307B125288}.Release|Any CPU.Build.0 = Release|Any CPU
		{4C7D9500-0747-4103-B040-6428EB973D1B}.Debug|Any CPU.ActiveCfg = Debug|Any CPU
		{4C7D9500-0747-4103-B040-6428EB973D1B}.Debug|Any CPU.Build.0 = Debug|Any CPU
		{4C7D9500-0747-4103-B040-6428EB973D1B}.Release|Any CPU.ActiveCfg = Release|Any CPU
		{4C7D9500-0747-4103-B040-6428EB973D1B}.Release|Any CPU.Build.0 = Release|Any CPU
		{6E2A19D4-8801-477A-B04C-061162EA0ECB}.Debug|Any CPU.ActiveCfg = Debug|Any CPU
		{6E2A19D4-8801-477A-B04C-061162EA0ECB}.Debug|Any CPU.Build.0 = Debug|Any CPU
		{6E2A19D4-8801-477A-B04C-061162EA0ECB}.Release|Any CPU.ActiveCfg = Release|Any CPU
		{6E2A19D4-8801-477A-B04C-061162EA0ECB}.Release|Any CPU.Build.0 = Release|Any CPU
		{05F9F831-4C63-449C-9683-7B957796C64E}.Debug|Any CPU.ActiveCfg = Debug|Any CPU
		{05F9F831-4C63-449C-9683-7B957796C64E}.Debug|Any CPU.Build.0 = Debug|Any CPU
		{05F9F831-4C63-449C-9683-7B957796C64E}.Release|Any CPU.ActiveCfg = Release|Any CPU
		{05F9F831-4C63-449C-9683-7B957796C64E}.Release|Any CPU.Build.0 = Release|Any CPU
		{A44215CD-6E22-44D4-BCC3-15A47939620A}.Debug|Any CPU.ActiveCfg = Debug|Any CPU
		{A44215CD-6E22-44D4-BCC3-15A47939620A}.Debug|Any CPU.Build.0 = Debug|Any CPU
		{A44215CD-6E22-44D4-BCC3-15A47939620A}.Release|Any CPU.ActiveCfg = Release|Any CPU
		{A44215CD-6E22-44D4-BCC3-15A47939620A}.Release|Any CPU.Build.0 = Release|Any CPU
		{C8279D53-F81E-4388-9A67-C6A631E37DC9}.Debug|Any CPU.ActiveCfg = Debug|Any CPU
		{C8279D53-F81E-4388-9A67-C6A631E37DC9}.Debug|Any CPU.Build.0 = Debug|Any CPU
		{C8279D53-F81E-4388-9A67-C6A631E37DC9}.Release|Any CPU.ActiveCfg = Release|Any CPU
		{C8279D53-F81E-4388-9A67-C6A631E37DC9}.Release|Any CPU.Build.0 = Release|Any CPU
	EndGlobalSection
	GlobalSection(SolutionProperties) = preSolution
		HideSolutionNode = FALSE
	EndGlobalSection
	GlobalSection(NestedProjects) = preSolution
		{E3D6E233-8CE5-4FB8-8066-6D465792AE32} = {BAD758BD-648A-4A26-8ED1-1ADD9CA31AC9}
		{DA79C2E0-0533-40A3-80F1-7C307B125288} = {D97EDDB9-F7BD-43CC-89B6-126F3B5BA6CF}
		{6E2A19D4-8801-477A-B04C-061162EA0ECB} = {BAD758BD-648A-4A26-8ED1-1ADD9CA31AC9}
		{A44215CD-6E22-44D4-BCC3-15A47939620A} = {D97EDDB9-F7BD-43CC-89B6-126F3B5BA6CF}
		{C8279D53-F81E-4388-9A67-C6A631E37DC9} = {BAD758BD-648A-4A26-8ED1-1ADD9CA31AC9}
	EndGlobalSection
	GlobalSection(ExtensibilityGlobals) = postSolution
		SolutionGuid = {942E4F15-B7AF-4D69-B288-5726FBA46079}
	EndGlobalSection
EndGlobal
