
Microsoft Visual Studio Solution File, Format Version 12.00
# Visual Studio Version 17
VisualStudioVersion = 17.0.31815.197
MinimumVisualStudioVersion = 10.0.40219.1
Project("{9A19103F-16F7-4668-BE54-9A1E7A4F7556}") = "WinForms.PowerTools.UnitTests", "WinFormsPowerTools.UnitTests\WinForms.PowerTools.UnitTests.csproj", "{DA79C2E0-0533-40A3-80F1-7C307B125288}"
EndProject
Project("{9A19103F-16F7-4668-BE54-9A1E7A4F7556}") = "WinFormsPowerToolsDemo", "WinFormsPowerToolsDemo\WinFormsPowerToolsDemo.csproj", "{4C7D9500-0747-4103-B040-6428EB973D1B}"
EndProject
Project("{2150E333-8FDC-42A3-9474-1A3956D46DE8}") = "Packages", "Packages", "{62D16FA3-ABCF-43E1-BC7C-E0BB0BBB5039}"
EndProject
Project("{9A19103F-16F7-4668-BE54-9A1E7A4F7556}") = "WinFormsPowerTools.Direct2D", "WinFormsPowerTools.Direct2D.Packages\WinFormsPowerTools.Direct2D.csproj", "{C4B4B64F-FCF2-4501-9EEC-CB79C8139021}"
EndProject
Project("{9A19103F-16F7-4668-BE54-9A1E7A4F7556}") = "WinForms.PowerTools.Controls", "WinForms.PowerTools.Controls\WinForms.PowerTools.Controls.csproj", "{4F146943-4A90-4D81-8C31-DBA667F58D5B}"
EndProject
Project("{9A19103F-16F7-4668-BE54-9A1E7A4F7556}") = "WinFormsPowerTools.Controls", "WinFormsPowerTools.Controls.Package\WinFormsPowerTools.Controls.csproj", "{F3F82F81-F5ED-4244-99D5-1253392DBB9D}"
EndProject
Project("{2150E333-8FDC-42A3-9474-1A3956D46DE8}") = "_SolutionItems", "_SolutionItems", "{DA248C38-42E5-47E0-A579-EE8996259FD3}"
EndProject
Project("{2150E333-8FDC-42A3-9474-1A3956D46DE8}") = "WinFormsTestAndDemos", "WinFormsTestAndDemos", "{F9490545-0313-44DD-A3F7-849FB5258E64}"
EndProject
Project("{2150E333-8FDC-42A3-9474-1A3956D46DE8}") = "WinFormsPowerTools", "WinFormsPowerTools", "{A6C52EAC-DC9F-4A43-B2F5-A685E9BAA058}"
EndProject
Project("{9A19103F-16F7-4668-BE54-9A1E7A4F7556}") = "WinForms.PowerTools.StandardLib", "WinFormsPowerTools.StandardLib\WinForms.PowerTools.StandardLib.csproj", "{4950AA82-B60F-4E97-8F34-F7798CBED712}"
EndProject
Project("{9A19103F-16F7-4668-BE54-9A1E7A4F7556}") = "WinForms.PowerTools", "WinFormsPowerTools\WinForms.PowerTools.csproj", "{352B9261-9B1C-4D6A-89A4-C67B7B8F2198}"
EndProject
Project("{9A19103F-16F7-4668-BE54-9A1E7A4F7556}") = "Winforms.PowerTools.Direct2D", "WinformsPowerTools.Direct2D\Winforms.PowerTools.Direct2D.csproj", "{72E6A3DD-1F92-4FD8-A3EF-77CB00D2C820}"
EndProject
Global
	GlobalSection(SolutionConfigurationPlatforms) = preSolution
		Debug|Any CPU = Debug|Any CPU
		Release|Any CPU = Release|Any CPU
	EndGlobalSection
	GlobalSection(ProjectConfigurationPlatforms) = postSolution
		{DA79C2E0-0533-40A3-80F1-7C307B125288}.Debug|Any CPU.ActiveCfg = Debug|Any CPU
		{DA79C2E0-0533-40A3-80F1-7C307B125288}.Debug|Any CPU.Build.0 = Debug|Any CPU
		{DA79C2E0-0533-40A3-80F1-7C307B125288}.Release|Any CPU.ActiveCfg = Release|Any CPU
		{DA79C2E0-0533-40A3-80F1-7C307B125288}.Release|Any CPU.Build.0 = Release|Any CPU
		{4C7D9500-0747-4103-B040-6428EB973D1B}.Debug|Any CPU.ActiveCfg = Debug|Any CPU
		{4C7D9500-0747-4103-B040-6428EB973D1B}.Debug|Any CPU.Build.0 = Debug|Any CPU
		{4C7D9500-0747-4103-B040-6428EB973D1B}.Release|Any CPU.ActiveCfg = Release|Any CPU
		{4C7D9500-0747-4103-B040-6428EB973D1B}.Release|Any CPU.Build.0 = Release|Any CPU
		{C4B4B64F-FCF2-4501-9EEC-CB79C8139021}.Debug|Any CPU.ActiveCfg = Debug|Any CPU
		{C4B4B64F-FCF2-4501-9EEC-CB79C8139021}.Debug|Any CPU.Build.0 = Debug|Any CPU
		{C4B4B64F-FCF2-4501-9EEC-CB79C8139021}.Release|Any CPU.ActiveCfg = Release|Any CPU
		{C4B4B64F-FCF2-4501-9EEC-CB79C8139021}.Release|Any CPU.Build.0 = Release|Any CPU
		{4F146943-4A90-4D81-8C31-DBA667F58D5B}.Debug|Any CPU.ActiveCfg = Debug|Any CPU
		{4F146943-4A90-4D81-8C31-DBA667F58D5B}.Debug|Any CPU.Build.0 = Debug|Any CPU
		{4F146943-4A90-4D81-8C31-DBA667F58D5B}.Release|Any CPU.ActiveCfg = Release|Any CPU
		{4F146943-4A90-4D81-8C31-DBA667F58D5B}.Release|Any CPU.Build.0 = Release|Any CPU
		{F3F82F81-F5ED-4244-99D5-1253392DBB9D}.Debug|Any CPU.ActiveCfg = Debug|Any CPU
		{F3F82F81-F5ED-4244-99D5-1253392DBB9D}.Debug|Any CPU.Build.0 = Debug|Any CPU
		{F3F82F81-F5ED-4244-99D5-1253392DBB9D}.Release|Any CPU.ActiveCfg = Release|Any CPU
		{F3F82F81-F5ED-4244-99D5-1253392DBB9D}.Release|Any CPU.Build.0 = Release|Any CPU
		{4950AA82-B60F-4E97-8F34-F7798CBED712}.Debug|Any CPU.ActiveCfg = Debug|Any CPU
		{4950AA82-B60F-4E97-8F34-F7798CBED712}.Debug|Any CPU.Build.0 = Debug|Any CPU
		{4950AA82-B60F-4E97-8F34-F7798CBED712}.Release|Any CPU.ActiveCfg = Release|Any CPU
		{4950AA82-B60F-4E97-8F34-F7798CBED712}.Release|Any CPU.Build.0 = Release|Any CPU
		{352B9261-9B1C-4D6A-89A4-C67B7B8F2198}.Debug|Any CPU.ActiveCfg = Debug|Any CPU
		{352B9261-9B1C-4D6A-89A4-C67B7B8F2198}.Debug|Any CPU.Build.0 = Debug|Any CPU
		{352B9261-9B1C-4D6A-89A4-C67B7B8F2198}.Release|Any CPU.ActiveCfg = Release|Any CPU
		{352B9261-9B1C-4D6A-89A4-C67B7B8F2198}.Release|Any CPU.Build.0 = Release|Any CPU
		{72E6A3DD-1F92-4FD8-A3EF-77CB00D2C820}.Debug|Any CPU.ActiveCfg = Debug|Any CPU
		{72E6A3DD-1F92-4FD8-A3EF-77CB00D2C820}.Debug|Any CPU.Build.0 = Debug|Any CPU
		{72E6A3DD-1F92-4FD8-A3EF-77CB00D2C820}.Release|Any CPU.ActiveCfg = Release|Any CPU
		{72E6A3DD-1F92-4FD8-A3EF-77CB00D2C820}.Release|Any CPU.Build.0 = Release|Any CPU
	EndGlobalSection
	GlobalSection(SolutionProperties) = preSolution
		HideSolutionNode = FALSE
	EndGlobalSection
	GlobalSection(NestedProjects) = preSolution
		{4C7D9500-0747-4103-B040-6428EB973D1B} = {F9490545-0313-44DD-A3F7-849FB5258E64}
		{C4B4B64F-FCF2-4501-9EEC-CB79C8139021} = {62D16FA3-ABCF-43E1-BC7C-E0BB0BBB5039}
		{4F146943-4A90-4D81-8C31-DBA667F58D5B} = {A6C52EAC-DC9F-4A43-B2F5-A685E9BAA058}
		{F3F82F81-F5ED-4244-99D5-1253392DBB9D} = {62D16FA3-ABCF-43E1-BC7C-E0BB0BBB5039}
		{4950AA82-B60F-4E97-8F34-F7798CBED712} = {A6C52EAC-DC9F-4A43-B2F5-A685E9BAA058}
		{352B9261-9B1C-4D6A-89A4-C67B7B8F2198} = {A6C52EAC-DC9F-4A43-B2F5-A685E9BAA058}
		{72E6A3DD-1F92-4FD8-A3EF-77CB00D2C820} = {A6C52EAC-DC9F-4A43-B2F5-A685E9BAA058}
	EndGlobalSection
	GlobalSection(ExtensibilityGlobals) = postSolution
		SolutionGuid = {942E4F15-B7AF-4D69-B288-5726FBA46079}
	EndGlobalSection
EndGlobal
